
Microsoft Visual Studio Solution File, Format Version 12.00
# Visual Studio Version 17
VisualStudioVersion = 17.2.32630.192
MinimumVisualStudioVersion = 10.0.40219.1
Project("{FAE04EC0-301F-11D3-BF4B-00C04F79EFBC}") = "AppForGit1", "AppForGit1\AppForGit1.csproj", "{73A85934-0A95-4609-A24E-E9282BF94378}"
EndProject
Global
	GlobalSection(SolutionConfigurationPlatforms) = preSolution
		Debug|Any CPU = Debug|Any CPU
		Release|Any CPU = Release|Any CPU
	EndGlobalSection
	GlobalSection(ProjectConfigurationPlatforms) = postSolution
		{73A85934-0A95-4609-A24E-E9282BF94378}.Debug|Any CPU.ActiveCfg = Debug|Any CPU
		{73A85934-0A95-4609-A24E-E9282BF94378}.Debug|Any CPU.Build.0 = Debug|Any CPU
		{73A85934-0A95-4609-A24E-E9282BF94378}.Release|Any CPU.ActiveCfg = Release|Any CPU
		{73A85934-0A95-4609-A24E-E9282BF94378}.Release|Any CPU.Build.0 = Release|Any CPU
	EndGlobalSection
	GlobalSection(SolutionProperties) = preSolution
		HideSolutionNode = FALSE
	EndGlobalSection
	GlobalSection(ExtensibilityGlobals) = postSolution
		SolutionGuid = {6428A19B-8B92-4966-B805-1BC0592EDFB9}
	EndGlobalSection
EndGlobal
